
Microsoft Visual Studio Solution File, Format Version 12.00
# Visual Studio 15
VisualStudioVersion = 15.0.27428.2037
MinimumVisualStudioVersion = 10.0.40219.1
Project("{FAE04EC0-301F-11D3-BF4B-00C04F79EFBC}") = "TopShelf.IPO.FP", "TopShelf.IPO.FP\TopShelf.IPO.FP.csproj", "{8AA2B8D9-0D6E-4762-88A1-C5326ECB08F7}"
EndProject
Project("{FAE04EC0-301F-11D3-BF4B-00C04F79EFBC}") = "YH.IPO.FP.WebApi", "YH.IPO.FP.WebApi\YH.IPO.FP.WebApi.csproj", "{962D5E2E-FDF2-4E20-9FBA-FBA624C72AB0}"
EndProject
Global
	GlobalSection(SolutionConfigurationPlatforms) = preSolution
		Debug|Any CPU = Debug|Any CPU
		Release|Any CPU = Release|Any CPU
	EndGlobalSection
	GlobalSection(ProjectConfigurationPlatforms) = postSolution
		{8AA2B8D9-0D6E-4762-88A1-C5326ECB08F7}.Debug|Any CPU.ActiveCfg = Debug|Any CPU
		{8AA2B8D9-0D6E-4762-88A1-C5326ECB08F7}.Debug|Any CPU.Build.0 = Debug|Any CPU
		{8AA2B8D9-0D6E-4762-88A1-C5326ECB08F7}.Release|Any CPU.ActiveCfg = Release|Any CPU
		{8AA2B8D9-0D6E-4762-88A1-C5326ECB08F7}.Release|Any CPU.Build.0 = Release|Any CPU
		{962D5E2E-FDF2-4E20-9FBA-FBA624C72AB0}.Debug|Any CPU.ActiveCfg = Debug|Any CPU
		{962D5E2E-FDF2-4E20-9FBA-FBA624C72AB0}.Debug|Any CPU.Build.0 = Debug|Any CPU
		{962D5E2E-FDF2-4E20-9FBA-FBA624C72AB0}.Release|Any CPU.ActiveCfg = Release|Any CPU
		{962D5E2E-FDF2-4E20-9FBA-FBA624C72AB0}.Release|Any CPU.Build.0 = Release|Any CPU
	EndGlobalSection
	GlobalSection(SolutionProperties) = preSolution
		HideSolutionNode = FALSE
	EndGlobalSection
	GlobalSection(ExtensibilityGlobals) = postSolution
		SolutionGuid = {CE637E24-E2EA-40DE-A693-2D941BA0A566}
	EndGlobalSection
EndGlobal
